
Microsoft Visual Studio Solution File, Format Version 12.00
# Visual Studio 14
VisualStudioVersion = 14.0.25420.1
MinimumVisualStudioVersion = 10.0.40219.1
Project("{FAE04EC0-301F-11D3-BF4B-00C04F79EFBC}") = "Yoyo.Fingerprint", "Yoyo.Fingerprint\Yoyo.Fingerprint.csproj", "{7C4ABB39-9998-4A46-B968-4F3E2E68E875}"
EndProject
Project("{FAE04EC0-301F-11D3-BF4B-00C04F79EFBC}") = "Yoyo.Fingerprint.Tests", "Yoyo.Fingerprint.Tests\Yoyo.Fingerprint.Tests.csproj", "{D62CEB55-2698-4599-B89A-8F65261EF482}"
EndProject
Global
	GlobalSection(SolutionConfigurationPlatforms) = preSolution
		Debug|Any CPU = Debug|Any CPU
		Release|Any CPU = Release|Any CPU
	EndGlobalSection
	GlobalSection(ProjectConfigurationPlatforms) = postSolution
		{D62CEB55-2698-4599-B89A-8F65261EF482}.Debug|Any CPU.ActiveCfg = Debug|Any CPU
		{D62CEB55-2698-4599-B89A-8F65261EF482}.Debug|Any CPU.Build.0 = Debug|Any CPU
		{D62CEB55-2698-4599-B89A-8F65261EF482}.Release|Any CPU.ActiveCfg = Release|Any CPU
		{D62CEB55-2698-4599-B89A-8F65261EF482}.Release|Any CPU.Build.0 = Release|Any CPU
		{7C4ABB39-9998-4A46-B968-4F3E2E68E875}.Debug|Any CPU.ActiveCfg = Debug|Any CPU
		{7C4ABB39-9998-4A46-B968-4F3E2E68E875}.Debug|Any CPU.Build.0 = Debug|Any CPU
		{7C4ABB39-9998-4A46-B968-4F3E2E68E875}.Release|Any CPU.ActiveCfg = Release|Any CPU
		{7C4ABB39-9998-4A46-B968-4F3E2E68E875}.Release|Any CPU.Build.0 = Release|Any CPU
	EndGlobalSection
	GlobalSection(SolutionProperties) = preSolution
		HideSolutionNode = FALSE
	EndGlobalSection
EndGlobal
